
Microsoft Visual Studio Solution File, Format Version 12.00
# Visual Studio 2013
VisualStudioVersion = 12.0.40629.0
MinimumVisualStudioVersion = 10.0.40219.1
Project("{2150E333-8FDC-42A3-9474-1A3956D46DE8}") = "Solution Items", "Solution Items", "{DC38B20B-EB26-43B7-A4F1-B07C88072C7C}"
	ProjectSection(SolutionItems) = preProject
		Evaluant.Security.vsmdi = Evaluant.Security.vsmdi
		LocalTestRun.testrunconfig = LocalTestRun.testrunconfig
		NAcl.vsmdi = NAcl.vsmdi
	EndProjectSection
EndProject
Project("{FAE04EC0-301F-11D3-BF4B-00C04F79EFBC}") = "NAcl", "NAcl\NAcl.csproj", "{0177A3C8-2F99-427A-9357-F7CF15A5EE6B}"
EndProject
Project("{FAE04EC0-301F-11D3-BF4B-00C04F79EFBC}") = "NAcl.Tests", "NAcl.Tests\NAcl.Tests.csproj", "{140C5BFF-208E-4707-8DCB-6091682B574E}"
EndProject
Project("{FAE04EC0-301F-11D3-BF4B-00C04F79EFBC}") = "NAcl.Web", "NAcl.Web\NAcl.Web.csproj", "{FFF88FF4-A0B9-4B27-B3EF-9DEC57A52AEF}"
EndProject
Project("{FAE04EC0-301F-11D3-BF4B-00C04F79EFBC}") = "NAcl - SL", "NAcl\NAcl - SL.csproj", "{E0FDB23F-A965-4F7A-82CE-CCE3425873B1}"
EndProject
Project("{FAE04EC0-301F-11D3-BF4B-00C04F79EFBC}") = "NAcl.Tests - SL", "NAcl.Tests\NAcl.Tests - SL.csproj", "{158BBB98-95C9-441A-B7D0-7608279A9EF6}"
EndProject
Global
	GlobalSection(SolutionConfigurationPlatforms) = preSolution
		Debug|Any CPU = Debug|Any CPU
		Release|Any CPU = Release|Any CPU
	EndGlobalSection
	GlobalSection(ProjectConfigurationPlatforms) = postSolution
		{0177A3C8-2F99-427A-9357-F7CF15A5EE6B}.Debug|Any CPU.ActiveCfg = Debug|Any CPU
		{0177A3C8-2F99-427A-9357-F7CF15A5EE6B}.Debug|Any CPU.Build.0 = Debug|Any CPU
		{0177A3C8-2F99-427A-9357-F7CF15A5EE6B}.Release|Any CPU.ActiveCfg = Release|Any CPU
		{0177A3C8-2F99-427A-9357-F7CF15A5EE6B}.Release|Any CPU.Build.0 = Release|Any CPU
		{140C5BFF-208E-4707-8DCB-6091682B574E}.Debug|Any CPU.ActiveCfg = Debug|Any CPU
		{140C5BFF-208E-4707-8DCB-6091682B574E}.Debug|Any CPU.Build.0 = Debug|Any CPU
		{140C5BFF-208E-4707-8DCB-6091682B574E}.Release|Any CPU.ActiveCfg = Release|Any CPU
		{140C5BFF-208E-4707-8DCB-6091682B574E}.Release|Any CPU.Build.0 = Release|Any CPU
		{FFF88FF4-A0B9-4B27-B3EF-9DEC57A52AEF}.Debug|Any CPU.ActiveCfg = Debug|Any CPU
		{FFF88FF4-A0B9-4B27-B3EF-9DEC57A52AEF}.Debug|Any CPU.Build.0 = Debug|Any CPU
		{FFF88FF4-A0B9-4B27-B3EF-9DEC57A52AEF}.Release|Any CPU.ActiveCfg = Release|Any CPU
		{FFF88FF4-A0B9-4B27-B3EF-9DEC57A52AEF}.Release|Any CPU.Build.0 = Release|Any CPU
		{E0FDB23F-A965-4F7A-82CE-CCE3425873B1}.Debug|Any CPU.ActiveCfg = Debug|Any CPU
		{E0FDB23F-A965-4F7A-82CE-CCE3425873B1}.Debug|Any CPU.Build.0 = Debug|Any CPU
		{E0FDB23F-A965-4F7A-82CE-CCE3425873B1}.Release|Any CPU.ActiveCfg = Release|Any CPU
		{E0FDB23F-A965-4F7A-82CE-CCE3425873B1}.Release|Any CPU.Build.0 = Release|Any CPU
		{158BBB98-95C9-441A-B7D0-7608279A9EF6}.Debug|Any CPU.ActiveCfg = Debug|Any CPU
		{158BBB98-95C9-441A-B7D0-7608279A9EF6}.Debug|Any CPU.Build.0 = Debug|Any CPU
		{158BBB98-95C9-441A-B7D0-7608279A9EF6}.Release|Any CPU.ActiveCfg = Release|Any CPU
		{158BBB98-95C9-441A-B7D0-7608279A9EF6}.Release|Any CPU.Build.0 = Release|Any CPU
	EndGlobalSection
	GlobalSection(SolutionProperties) = preSolution
		HideSolutionNode = FALSE
	EndGlobalSection
	GlobalSection(TestCaseManagementSettings) = postSolution
		CategoryFile = NAcl.vsmdi
	EndGlobalSection
EndGlobal
